# This file is autogenerated, do not edit; changes may be undone by the next 'dep ensure'.


[[projects]]
  branch = "fix-contexts-type"
  digest = "1:1e5bfd07ee0a3e6aea41a155c7498e40f8ac39c0184ac59fcd42ec4d71c447f9"
  name = "github.com/atlassian/go-sentry-api"
  packages = [
    ".",
    "datatype",
  ]
  pruneopts = "UT"
  revision = "f73eef6dc83618750cab2d0b92f262b3f0b88c66"
  source = "github.com/moriyoshi/go-sentry-api"

[[projects]]
  digest = "1:0981502f9816113c9c8c4ac301583841855c8cf4da8c72f696b3ebedf6d0e4e5"
  name = "github.com/mattn/go-isatty"
  packages = ["."]
  pruneopts = "UT"
  revision = "6ca4dbf54d38eea1a992b3c722a76a5d1c4cb25c"
  version = "v0.0.4"

[[projects]]
  digest = "1:cf31692c14422fa27c83a05292eb5cbe0fb2775972e8f1f8446a71549bd8980b"
  name = "github.com/pkg/errors"
  packages = ["."]
  pruneopts = "UT"
  revision = "ba968bfe8b2f7e042a574c888954fccecfa385b4"
  version = "v0.8.1"

[[projects]]
  branch = "master"
  digest = "1:f106a08663d0031b576f61ab81ffd80124da17096eab36aceb25b1b0d847da9a"
  name = "golang.org/x/sys"
  packages = ["unix"]
  pruneopts = "UT"
  revision = "7fbe1cd0fcc20051e1fcb87fbabec4a1bacaaeba"

[solve-meta]
  analyzer-name = "dep"
  analyzer-version = 1
  input-imports = [
    "github.com/atlassian/go-sentry-api",
    "github.com/mattn/go-isatty",
    "github.com/pkg/errors",
  ]
  solver-name = "gps-cdcl"
  solver-version = 1
